
Microsoft Visual Studio Solution File, Format Version 12.00
# Visual Studio Version 16
VisualStudioVersion = 16.0.30907.101
MinimumVisualStudioVersion = 10.0.40219.1
Project("{2150E333-8FDC-42A3-9474-1A3956D46DE8}") = "Presentation", "Presentation", "{9C84CA42-49B0-46E2-83A6-363118AFE4D5}"
EndProject
Project("{FAE04EC0-301F-11D3-BF4B-00C04F79EFBC}") = "PDV.Webapi", "PDV.Webapi\PDV.Webapi.csproj", "{BECB35A3-827A-484D-B179-BE874A58ACE5}"
EndProject
Project("{2150E333-8FDC-42A3-9474-1A3956D46DE8}") = "Application", "Application", "{5EAF48DB-116F-4C30-A634-8A5D1ABB0F79}"
EndProject
Global
	GlobalSection(SolutionConfigurationPlatforms) = preSolution
		Debug|Any CPU = Debug|Any CPU
		Release|Any CPU = Release|Any CPU
	EndGlobalSection
	GlobalSection(ProjectConfigurationPlatforms) = postSolution
		{BECB35A3-827A-484D-B179-BE874A58ACE5}.Debug|Any CPU.ActiveCfg = Debug|Any CPU
		{BECB35A3-827A-484D-B179-BE874A58ACE5}.Debug|Any CPU.Build.0 = Debug|Any CPU
		{BECB35A3-827A-484D-B179-BE874A58ACE5}.Release|Any CPU.ActiveCfg = Release|Any CPU
		{BECB35A3-827A-484D-B179-BE874A58ACE5}.Release|Any CPU.Build.0 = Release|Any CPU
	EndGlobalSection
	GlobalSection(SolutionProperties) = preSolution
		HideSolutionNode = FALSE
	EndGlobalSection
	GlobalSection(NestedProjects) = preSolution
		{BECB35A3-827A-484D-B179-BE874A58ACE5} = {9C84CA42-49B0-46E2-83A6-363118AFE4D5}
	EndGlobalSection
	GlobalSection(ExtensibilityGlobals) = postSolution
		SolutionGuid = {EEE5912B-5C42-4CE6-921E-FDB97152D700}
	EndGlobalSection
EndGlobal
